
Microsoft Visual Studio Solution File, Format Version 10.00
# Visual C++ Express 2008
Project("{8BC9CEB8-8B4A-11D0-8D11-00A0C91BC942}") = "Grid", "Grid.vcproj", "{6D9DD369-08D9-4EA2-B639-AB728D8B2564}"
EndProject
Global
	GlobalSection(SolutionConfigurationPlatforms) = preSolution
		Debug|Win32 = Debug|Win32
		Release|Win32 = Release|Win32
	EndGlobalSection
	GlobalSection(ProjectConfigurationPlatforms) = postSolution
		{6D9DD369-08D9-4EA2-B639-AB728D8B2564}.Debug|Win32.ActiveCfg = Debug|Win32
		{6D9DD369-08D9-4EA2-B639-AB728D8B2564}.Debug|Win32.Build.0 = Debug|Win32
		{6D9DD369-08D9-4EA2-B639-AB728D8B2564}.Release|Win32.ActiveCfg = Release|Win32
		{6D9DD369-08D9-4EA2-B639-AB728D8B2564}.Release|Win32.Build.0 = Release|Win32
	EndGlobalSection
	GlobalSection(SolutionProperties) = preSolution
		HideSolutionNode = FALSE
	EndGlobalSection
EndGlobal
