
Microsoft Visual Studio Solution File, Format Version 10.00
# Visual C++ Express 2008
Project("{8BC9CEB8-8B4A-11D0-8D11-00A0C91BC942}") = "Employees", "Employees.vcproj", "{5A9561B3-5DE9-440D-92F9-00D9FA3B4CD4}"
EndProject
Global
	GlobalSection(SolutionConfigurationPlatforms) = preSolution
		Debug|Win32 = Debug|Win32
		Release|Win32 = Release|Win32
	EndGlobalSection
	GlobalSection(ProjectConfigurationPlatforms) = postSolution
		{5A9561B3-5DE9-440D-92F9-00D9FA3B4CD4}.Debug|Win32.ActiveCfg = Debug|Win32
		{5A9561B3-5DE9-440D-92F9-00D9FA3B4CD4}.Debug|Win32.Build.0 = Debug|Win32
		{5A9561B3-5DE9-440D-92F9-00D9FA3B4CD4}.Release|Win32.ActiveCfg = Release|Win32
		{5A9561B3-5DE9-440D-92F9-00D9FA3B4CD4}.Release|Win32.Build.0 = Release|Win32
	EndGlobalSection
	GlobalSection(SolutionProperties) = preSolution
		HideSolutionNode = FALSE
	EndGlobalSection
EndGlobal
